// !$*UTF8*$!
{
	archiveVersion = 1;
	classes = {
	};
	objectVersion = 56;
	objects = {

/* Begin PBXBuildFile section */
		50AB5B312C91BD2F0056A82F /* PhotosEditorApp.swift in Sources */ = {isa = PBXBuildFile; fileRef = 50AB5B302C91BD2F0056A82F /* PhotosEditorApp.swift */; };
		50AB5B332C91BD2F0056A82F /* LoginView.swift in Sources */ = {isa = PBXBuildFile; fileRef = 50AB5B322C91BD2F0056A82F /* LoginView.swift */; };
		50AB5B352C91BD310056A82F /* Assets.xcassets in Resources */ = {isa = PBXBuildFile; fileRef = 50AB5B342C91BD310056A82F /* Assets.xcassets */; };
		50AB5B382C91BD310056A82F /* Preview Assets.xcassets in Resources */ = {isa = PBXBuildFile; fileRef = 50AB5B372C91BD310056A82F /* Preview Assets.xcassets */; };
		50AB5B3F2C91BFC50056A82F /* ForgotPasswordView.swift in Sources */ = {isa = PBXBuildFile; fileRef = 50AB5B3E2C91BFC50056A82F /* ForgotPasswordView.swift */; };
		50AB5B422C91CD490056A82F /* GoogleSignIn in Frameworks */ = {isa = PBXBuildFile; productRef = 50AB5B412C91CD490056A82F /* GoogleSignIn */; };
		50AB5B442C91CD490056A82F /* GoogleSignInSwift in Frameworks */ = {isa = PBXBuildFile; productRef = 50AB5B432C91CD490056A82F /* GoogleSignInSwift */; };
		50AB5B482C91D8E80056A82F /* GoogleSignInService.swift in Sources */ = {isa = PBXBuildFile; fileRef = 50AB5B472C91D8E80056A82F /* GoogleSignInService.swift */; };
		50AB5B4D2C92954E0056A82F /* FirebaseAnalytics in Frameworks */ = {isa = PBXBuildFile; productRef = 50AB5B4C2C92954E0056A82F /* FirebaseAnalytics */; };
		50AB5B4F2C92954E0056A82F /* FirebaseAnalyticsOnDeviceConversion in Frameworks */ = {isa = PBXBuildFile; productRef = 50AB5B4E2C92954E0056A82F /* FirebaseAnalyticsOnDeviceConversion */; };
		50AB5B512C92954E0056A82F /* FirebaseAnalyticsWithoutAdIdSupport in Frameworks */ = {isa = PBXBuildFile; productRef = 50AB5B502C92954E0056A82F /* FirebaseAnalyticsWithoutAdIdSupport */; };
		50AB5B532C92954E0056A82F /* FirebaseAppCheck in Frameworks */ = {isa = PBXBuildFile; productRef = 50AB5B522C92954E0056A82F /* FirebaseAppCheck */; };
		50AB5B552C92954E0056A82F /* FirebaseAppDistribution-Beta in Frameworks */ = {isa = PBXBuildFile; productRef = 50AB5B542C92954E0056A82F /* FirebaseAppDistribution-Beta */; };
		50AB5B572C92954E0056A82F /* FirebaseAuth in Frameworks */ = {isa = PBXBuildFile; productRef = 50AB5B562C92954E0056A82F /* FirebaseAuth */; };
		50AB5B592C92954E0056A82F /* FirebaseAuthCombine-Community in Frameworks */ = {isa = PBXBuildFile; productRef = 50AB5B582C92954E0056A82F /* FirebaseAuthCombine-Community */; };
		50AB5B5B2C92954E0056A82F /* FirebaseCrashlytics in Frameworks */ = {isa = PBXBuildFile; productRef = 50AB5B5A2C92954E0056A82F /* FirebaseCrashlytics */; };
		50AB5B5D2C92954E0056A82F /* FirebaseDatabase in Frameworks */ = {isa = PBXBuildFile; productRef = 50AB5B5C2C92954E0056A82F /* FirebaseDatabase */; };
		50AB5B5F2C92954E0056A82F /* FirebaseDynamicLinks in Frameworks */ = {isa = PBXBuildFile; productRef = 50AB5B5E2C92954E0056A82F /* FirebaseDynamicLinks */; };
		50AB5B612C92954E0056A82F /* FirebaseFirestore in Frameworks */ = {isa = PBXBuildFile; productRef = 50AB5B602C92954E0056A82F /* FirebaseFirestore */; };
		50AB5B632C92954E0056A82F /* FirebaseFirestoreCombine-Community in Frameworks */ = {isa = PBXBuildFile; productRef = 50AB5B622C92954E0056A82F /* FirebaseFirestoreCombine-Community */; };
		50AB5B652C92954E0056A82F /* FirebaseFunctions in Frameworks */ = {isa = PBXBuildFile; productRef = 50AB5B642C92954E0056A82F /* FirebaseFunctions */; };
		50AB5B672C92954E0056A82F /* FirebaseFunctionsCombine-Community in Frameworks */ = {isa = PBXBuildFile; productRef = 50AB5B662C92954E0056A82F /* FirebaseFunctionsCombine-Community */; };
		50AB5B692C92954E0056A82F /* FirebaseInAppMessaging-Beta in Frameworks */ = {isa = PBXBuildFile; productRef = 50AB5B682C92954E0056A82F /* FirebaseInAppMessaging-Beta */; };
		50AB5B6B2C92954E0056A82F /* FirebaseInstallations in Frameworks */ = {isa = PBXBuildFile; productRef = 50AB5B6A2C92954E0056A82F /* FirebaseInstallations */; };
		50AB5B6D2C92954E0056A82F /* FirebaseMLModelDownloader in Frameworks */ = {isa = PBXBuildFile; productRef = 50AB5B6C2C92954E0056A82F /* FirebaseMLModelDownloader */; };
		50AB5B6F2C92954E0056A82F /* FirebaseMessaging in Frameworks */ = {isa = PBXBuildFile; productRef = 50AB5B6E2C92954E0056A82F /* FirebaseMessaging */; };
		50AB5B712C92954E0056A82F /* FirebasePerformance in Frameworks */ = {isa = PBXBuildFile; productRef = 50AB5B702C92954E0056A82F /* FirebasePerformance */; };
		50AB5B732C92954E0056A82F /* FirebaseRemoteConfig in Frameworks */ = {isa = PBXBuildFile; productRef = 50AB5B722C92954E0056A82F /* FirebaseRemoteConfig */; };
		50AB5B752C92954E0056A82F /* FirebaseStorage in Frameworks */ = {isa = PBXBuildFile; productRef = 50AB5B742C92954E0056A82F /* FirebaseStorage */; };
		50AB5B772C92954E0056A82F /* FirebaseStorageCombine-Community in Frameworks */ = {isa = PBXBuildFile; productRef = 50AB5B762C92954E0056A82F /* FirebaseStorageCombine-Community */; };
		50AB5B792C92954E0056A82F /* FirebaseVertexAI-Preview in Frameworks */ = {isa = PBXBuildFile; productRef = 50AB5B782C92954E0056A82F /* FirebaseVertexAI-Preview */; };
		50AB5B7C2C92A4EF0056A82F /* User.swift in Sources */ = {isa = PBXBuildFile; fileRef = 50AB5B7B2C92A4EF0056A82F /* User.swift */; };
		50AB5B7F2C92A5800056A82F /* Photo.swift in Sources */ = {isa = PBXBuildFile; fileRef = 50AB5B7E2C92A5800056A82F /* Photo.swift */; };
/* End PBXBuildFile section */

/* Begin PBXFileReference section */
		50AB5B2D2C91BD2F0056A82F /* PhotosEditor.app */ = {isa = PBXFileReference; explicitFileType = wrapper.application; includeInIndex = 0; path = PhotosEditor.app; sourceTree = BUILT_PRODUCTS_DIR; };
		50AB5B302C91BD2F0056A82F /* PhotosEditorApp.swift */ = {isa = PBXFileReference; lastKnownFileType = sourcecode.swift; path = PhotosEditorApp.swift; sourceTree = "<group>"; };
		50AB5B322C91BD2F0056A82F /* LoginView.swift */ = {isa = PBXFileReference; lastKnownFileType = sourcecode.swift; path = LoginView.swift; sourceTree = "<group>"; };
		50AB5B342C91BD310056A82F /* Assets.xcassets */ = {isa = PBXFileReference; lastKnownFileType = folder.assetcatalog; path = Assets.xcassets; sourceTree = "<group>"; };
		50AB5B372C91BD310056A82F /* Preview Assets.xcassets */ = {isa = PBXFileReference; lastKnownFileType = folder.assetcatalog; path = "Preview Assets.xcassets"; sourceTree = "<group>"; };
		50AB5B3E2C91BFC50056A82F /* ForgotPasswordView.swift */ = {isa = PBXFileReference; lastKnownFileType = sourcecode.swift; path = ForgotPasswordView.swift; sourceTree = "<group>"; };
		50AB5B472C91D8E80056A82F /* GoogleSignInService.swift */ = {isa = PBXFileReference; lastKnownFileType = sourcecode.swift; path = GoogleSignInService.swift; sourceTree = "<group>"; };
		50AB5B7B2C92A4EF0056A82F /* User.swift */ = {isa = PBXFileReference; lastKnownFileType = sourcecode.swift; path = User.swift; sourceTree = "<group>"; };
		50AB5B7E2C92A5800056A82F /* Photo.swift */ = {isa = PBXFileReference; lastKnownFileType = sourcecode.swift; path = Photo.swift; sourceTree = "<group>"; };
/* End PBXFileReference section */

/* Begin PBXFrameworksBuildPhase section */
		50AB5B2A2C91BD2F0056A82F /* Frameworks */ = {
			isa = PBXFrameworksBuildPhase;
			buildActionMask = 2147483647;
			files = (
				50AB5B552C92954E0056A82F /* FirebaseAppDistribution-Beta in Frameworks */,
				50AB5B612C92954E0056A82F /* FirebaseFirestore in Frameworks */,
				50AB5B592C92954E0056A82F /* FirebaseAuthCombine-Community in Frameworks */,
				50AB5B6B2C92954E0056A82F /* FirebaseInstallations in Frameworks */,
				50AB5B422C91CD490056A82F /* GoogleSignIn in Frameworks */,
				50AB5B792C92954E0056A82F /* FirebaseVertexAI-Preview in Frameworks */,
				50AB5B512C92954E0056A82F /* FirebaseAnalyticsWithoutAdIdSupport in Frameworks */,
				50AB5B692C92954E0056A82F /* FirebaseInAppMessaging-Beta in Frameworks */,
				50AB5B442C91CD490056A82F /* GoogleSignInSwift in Frameworks */,
				50AB5B4D2C92954E0056A82F /* FirebaseAnalytics in Frameworks */,
				50AB5B672C92954E0056A82F /* FirebaseFunctionsCombine-Community in Frameworks */,
				50AB5B772C92954E0056A82F /* FirebaseStorageCombine-Community in Frameworks */,
				50AB5B532C92954E0056A82F /* FirebaseAppCheck in Frameworks */,
				50AB5B752C92954E0056A82F /* FirebaseStorage in Frameworks */,
				50AB5B732C92954E0056A82F /* FirebaseRemoteConfig in Frameworks */,
				50AB5B5B2C92954E0056A82F /* FirebaseCrashlytics in Frameworks */,
				50AB5B6F2C92954E0056A82F /* FirebaseMessaging in Frameworks */,
				50AB5B6D2C92954E0056A82F /* FirebaseMLModelDownloader in Frameworks */,
				50AB5B712C92954E0056A82F /* FirebasePerformance in Frameworks */,
				50AB5B5D2C92954E0056A82F /* FirebaseDatabase in Frameworks */,
				50AB5B4F2C92954E0056A82F /* FirebaseAnalyticsOnDeviceConversion in Frameworks */,
				50AB5B572C92954E0056A82F /* FirebaseAuth in Frameworks */,
				50AB5B652C92954E0056A82F /* FirebaseFunctions in Frameworks */,
				50AB5B5F2C92954E0056A82F /* FirebaseDynamicLinks in Frameworks */,
				50AB5B632C92954E0056A82F /* FirebaseFirestoreCombine-Community in Frameworks */,
			);
			runOnlyForDeploymentPostprocessing = 0;
		};
/* End PBXFrameworksBuildPhase section */

/* Begin PBXGroup section */
		50AB5B242C91BD2F0056A82F = {
			isa = PBXGroup;
			children = (
				50AB5B2F2C91BD2F0056A82F /* PhotosEditor */,
				50AB5B2E2C91BD2F0056A82F /* Products */,
			);
			sourceTree = "<group>";
		};
		50AB5B2E2C91BD2F0056A82F /* Products */ = {
			isa = PBXGroup;
			children = (
				50AB5B2D2C91BD2F0056A82F /* PhotosEditor.app */,
			);
			name = Products;
			sourceTree = "<group>";
		};
		50AB5B2F2C91BD2F0056A82F /* PhotosEditor */ = {
			isa = PBXGroup;
			children = (
				50AB5B302C91BD2F0056A82F /* PhotosEditorApp.swift */,
				50AB5B7A2C92A4690056A82F /* Models */,
				50AB5B492C928AE40056A82F /* Views */,
				50AB5B4A2C928B000056A82F /* Services */,
				50AB5B342C91BD310056A82F /* Assets.xcassets */,
				50AB5B362C91BD310056A82F /* Preview Content */,
			);
			path = PhotosEditor;
			sourceTree = "<group>";
		};
		50AB5B362C91BD310056A82F /* Preview Content */ = {
			isa = PBXGroup;
			children = (
				50AB5B372C91BD310056A82F /* Preview Assets.xcassets */,
			);
			path = "Preview Content";
			sourceTree = "<group>";
		};
		50AB5B492C928AE40056A82F /* Views */ = {
			isa = PBXGroup;
			children = (
				50AB5B322C91BD2F0056A82F /* LoginView.swift */,
				50AB5B3E2C91BFC50056A82F /* ForgotPasswordView.swift */,
			);
			path = Views;
			sourceTree = "<group>";
		};
		50AB5B4A2C928B000056A82F /* Services */ = {
			isa = PBXGroup;
			children = (
				50AB5B472C91D8E80056A82F /* GoogleSignInService.swift */,
			);
			path = Services;
			sourceTree = "<group>";
		};
		50AB5B7A2C92A4690056A82F /* Models */ = {
			isa = PBXGroup;
			children = (
				50AB5B7B2C92A4EF0056A82F /* User.swift */,
				50AB5B7E2C92A5800056A82F /* Photo.swift */,
			);
			path = Models;
			sourceTree = "<group>";
		};
/* End PBXGroup section */

/* Begin PBXNativeTarget section */
		50AB5B2C2C91BD2F0056A82F /* PhotosEditor */ = {
			isa = PBXNativeTarget;
			buildConfigurationList = 50AB5B3B2C91BD310056A82F /* Build configuration list for PBXNativeTarget "PhotosEditor" */;
			buildPhases = (
				50AB5B292C91BD2F0056A82F /* Sources */,
				50AB5B2A2C91BD2F0056A82F /* Frameworks */,
				50AB5B2B2C91BD2F0056A82F /* Resources */,
			);
			buildRules = (
			);
			dependencies = (
			);
			name = PhotosEditor;
			packageProductDependencies = (
				50AB5B412C91CD490056A82F /* GoogleSignIn */,
				50AB5B432C91CD490056A82F /* GoogleSignInSwift */,
				50AB5B4C2C92954E0056A82F /* FirebaseAnalytics */,
				50AB5B4E2C92954E0056A82F /* FirebaseAnalyticsOnDeviceConversion */,
				50AB5B502C92954E0056A82F /* FirebaseAnalyticsWithoutAdIdSupport */,
				50AB5B522C92954E0056A82F /* FirebaseAppCheck */,
				50AB5B542C92954E0056A82F /* FirebaseAppDistribution-Beta */,
				50AB5B562C92954E0056A82F /* FirebaseAuth */,
				50AB5B582C92954E0056A82F /* FirebaseAuthCombine-Community */,
				50AB5B5A2C92954E0056A82F /* FirebaseCrashlytics */,
				50AB5B5C2C92954E0056A82F /* FirebaseDatabase */,
				50AB5B5E2C92954E0056A82F /* FirebaseDynamicLinks */,
				50AB5B602C92954E0056A82F /* FirebaseFirestore */,
				50AB5B622C92954E0056A82F /* FirebaseFirestoreCombine-Community */,
				50AB5B642C92954E0056A82F /* FirebaseFunctions */,
				50AB5B662C92954E0056A82F /* FirebaseFunctionsCombine-Community */,
				50AB5B682C92954E0056A82F /* FirebaseInAppMessaging-Beta */,
				50AB5B6A2C92954E0056A82F /* FirebaseInstallations */,
				50AB5B6C2C92954E0056A82F /* FirebaseMLModelDownloader */,
				50AB5B6E2C92954E0056A82F /* FirebaseMessaging */,
				50AB5B702C92954E0056A82F /* FirebasePerformance */,
				50AB5B722C92954E0056A82F /* FirebaseRemoteConfig */,
				50AB5B742C92954E0056A82F /* FirebaseStorage */,
				50AB5B762C92954E0056A82F /* FirebaseStorageCombine-Community */,
				50AB5B782C92954E0056A82F /* FirebaseVertexAI-Preview */,
			);
			productName = PhotosEditor;
			productReference = 50AB5B2D2C91BD2F0056A82F /* PhotosEditor.app */;
			productType = "com.apple.product-type.application";
		};
/* End PBXNativeTarget section */

/* Begin PBXProject section */
		50AB5B252C91BD2F0056A82F /* Project object */ = {
			isa = PBXProject;
			attributes = {
				BuildIndependentTargetsInParallel = 1;
				LastSwiftUpdateCheck = 1500;
				LastUpgradeCheck = 1500;
				TargetAttributes = {
					50AB5B2C2C91BD2F0056A82F = {
						CreatedOnToolsVersion = 15.0.1;
					};
				};
			};
			buildConfigurationList = 50AB5B282C91BD2F0056A82F /* Build configuration list for PBXProject "PhotosEditor" */;
			compatibilityVersion = "Xcode 14.0";
			developmentRegion = en;
			hasScannedForEncodings = 0;
			knownRegions = (
				en,
				Base,
			);
			mainGroup = 50AB5B242C91BD2F0056A82F;
			packageReferences = (
				50AB5B402C91CD490056A82F /* XCRemoteSwiftPackageReference "GoogleSignIn-iOS" */,
				50AB5B4B2C92954E0056A82F /* XCRemoteSwiftPackageReference "firebase-ios-sdk" */,
			);
			productRefGroup = 50AB5B2E2C91BD2F0056A82F /* Products */;
			projectDirPath = "";
			projectRoot = "";
			targets = (
				50AB5B2C2C91BD2F0056A82F /* PhotosEditor */,
			);
		};
/* End PBXProject section */

/* Begin PBXResourcesBuildPhase section */
		50AB5B2B2C91BD2F0056A82F /* Resources */ = {
			isa = PBXResourcesBuildPhase;
			buildActionMask = 2147483647;
			files = (
				50AB5B382C91BD310056A82F /* Preview Assets.xcassets in Resources */,
				50AB5B352C91BD310056A82F /* Assets.xcassets in Resources */,
			);
			runOnlyForDeploymentPostprocessing = 0;
		};
/* End PBXResourcesBuildPhase section */

/* Begin PBXSourcesBuildPhase section */
		50AB5B292C91BD2F0056A82F /* Sources */ = {
			isa = PBXSourcesBuildPhase;
			buildActionMask = 2147483647;
			files = (
				50AB5B7F2C92A5800056A82F /* Photo.swift in Sources */,
				50AB5B332C91BD2F0056A82F /* LoginView.swift in Sources */,
				50AB5B482C91D8E80056A82F /* GoogleSignInService.swift in Sources */,
				50AB5B3F2C91BFC50056A82F /* ForgotPasswordView.swift in Sources */,
				50AB5B7C2C92A4EF0056A82F /* User.swift in Sources */,
				50AB5B312C91BD2F0056A82F /* PhotosEditorApp.swift in Sources */,
			);
			runOnlyForDeploymentPostprocessing = 0;
		};
/* End PBXSourcesBuildPhase section */

/* Begin XCBuildConfiguration section */
		50AB5B392C91BD310056A82F /* Debug */ = {
			isa = XCBuildConfiguration;
			buildSettings = {
				ALWAYS_SEARCH_USER_PATHS = NO;
				ASSETCATALOG_COMPILER_GENERATE_SWIFT_ASSET_SYMBOL_EXTENSIONS = YES;
				CLANG_ANALYZER_NONNULL = YES;
				CLANG_ANALYZER_NUMBER_OBJECT_CONVERSION = YES_AGGRESSIVE;
				CLANG_CXX_LANGUAGE_STANDARD = "gnu++20";
				CLANG_ENABLE_MODULES = YES;
				CLANG_ENABLE_OBJC_ARC = YES;
				CLANG_ENABLE_OBJC_WEAK = YES;
				CLANG_WARN_BLOCK_CAPTURE_AUTORELEASING = YES;
				CLANG_WARN_BOOL_CONVERSION = YES;
				CLANG_WARN_COMMA = YES;
				CLANG_WARN_CONSTANT_CONVERSION = YES;
				CLANG_WARN_DEPRECATED_OBJC_IMPLEMENTATIONS = YES;
				CLANG_WARN_DIRECT_OBJC_ISA_USAGE = YES_ERROR;
				CLANG_WARN_DOCUMENTATION_COMMENTS = YES;
				CLANG_WARN_EMPTY_BODY = YES;
				CLANG_WARN_ENUM_CONVERSION = YES;
				CLANG_WARN_INFINITE_RECURSION = YES;
				CLANG_WARN_INT_CONVERSION = YES;
				CLANG_WARN_NON_LITERAL_NULL_CONVERSION = YES;
				CLANG_WARN_OBJC_IMPLICIT_RETAIN_SELF = YES;
				CLANG_WARN_OBJC_LITERAL_CONVERSION = YES;
				CLANG_WARN_OBJC_ROOT_CLASS = YES_ERROR;
				CLANG_WARN_QUOTED_INCLUDE_IN_FRAMEWORK_HEADER = YES;
				CLANG_WARN_RANGE_LOOP_ANALYSIS = YES;
				CLANG_WARN_STRICT_PROTOTYPES = YES;
				CLANG_WARN_SUSPICIOUS_MOVE = YES;
				CLANG_WARN_UNGUARDED_AVAILABILITY = YES_AGGRESSIVE;
				CLANG_WARN_UNREACHABLE_CODE = YES;
				CLANG_WARN__DUPLICATE_METHOD_MATCH = YES;
				COPY_PHASE_STRIP = NO;
				DEBUG_INFORMATION_FORMAT = dwarf;
				ENABLE_STRICT_OBJC_MSGSEND = YES;
				ENABLE_TESTABILITY = YES;
				ENABLE_USER_SCRIPT_SANDBOXING = YES;
				GCC_C_LANGUAGE_STANDARD = gnu17;
				GCC_DYNAMIC_NO_PIC = NO;
				GCC_NO_COMMON_BLOCKS = YES;
				GCC_OPTIMIZATION_LEVEL = 0;
				GCC_PREPROCESSOR_DEFINITIONS = (
					"DEBUG=1",
					"$(inherited)",
				);
				GCC_WARN_64_TO_32_BIT_CONVERSION = YES;
				GCC_WARN_ABOUT_RETURN_TYPE = YES_ERROR;
				GCC_WARN_UNDECLARED_SELECTOR = YES;
				GCC_WARN_UNINITIALIZED_AUTOS = YES_AGGRESSIVE;
				GCC_WARN_UNUSED_FUNCTION = YES;
				GCC_WARN_UNUSED_VARIABLE = YES;
				IPHONEOS_DEPLOYMENT_TARGET = 17.0;
				LOCALIZATION_PREFERS_STRING_CATALOGS = YES;
				MTL_ENABLE_DEBUG_INFO = INCLUDE_SOURCE;
				MTL_FAST_MATH = YES;
				ONLY_ACTIVE_ARCH = YES;
				SDKROOT = iphoneos;
				SWIFT_ACTIVE_COMPILATION_CONDITIONS = "DEBUG $(inherited)";
				SWIFT_OPTIMIZATION_LEVEL = "-Onone";
			};
			name = Debug;
		};
		50AB5B3A2C91BD310056A82F /* Release */ = {
			isa = XCBuildConfiguration;
			buildSettings = {
				ALWAYS_SEARCH_USER_PATHS = NO;
				ASSETCATALOG_COMPILER_GENERATE_SWIFT_ASSET_SYMBOL_EXTENSIONS = YES;
				CLANG_ANALYZER_NONNULL = YES;
				CLANG_ANALYZER_NUMBER_OBJECT_CONVERSION = YES_AGGRESSIVE;
				CLANG_CXX_LANGUAGE_STANDARD = "gnu++20";
				CLANG_ENABLE_MODULES = YES;
				CLANG_ENABLE_OBJC_ARC = YES;
				CLANG_ENABLE_OBJC_WEAK = YES;
				CLANG_WARN_BLOCK_CAPTURE_AUTORELEASING = YES;
				CLANG_WARN_BOOL_CONVERSION = YES;
				CLANG_WARN_COMMA = YES;
				CLANG_WARN_CONSTANT_CONVERSION = YES;
				CLANG_WARN_DEPRECATED_OBJC_IMPLEMENTATIONS = YES;
				CLANG_WARN_DIRECT_OBJC_ISA_USAGE = YES_ERROR;
				CLANG_WARN_DOCUMENTATION_COMMENTS = YES;
				CLANG_WARN_EMPTY_BODY = YES;
				CLANG_WARN_ENUM_CONVERSION = YES;
				CLANG_WARN_INFINITE_RECURSION = YES;
				CLANG_WARN_INT_CONVERSION = YES;
				CLANG_WARN_NON_LITERAL_NULL_CONVERSION = YES;
				CLANG_WARN_OBJC_IMPLICIT_RETAIN_SELF = YES;
				CLANG_WARN_OBJC_LITERAL_CONVERSION = YES;
				CLANG_WARN_OBJC_ROOT_CLASS = YES_ERROR;
				CLANG_WARN_QUOTED_INCLUDE_IN_FRAMEWORK_HEADER = YES;
				CLANG_WARN_RANGE_LOOP_ANALYSIS = YES;
				CLANG_WARN_STRICT_PROTOTYPES = YES;
				CLANG_WARN_SUSPICIOUS_MOVE = YES;
				CLANG_WARN_UNGUARDED_AVAILABILITY = YES_AGGRESSIVE;
				CLANG_WARN_UNREACHABLE_CODE = YES;
				CLANG_WARN__DUPLICATE_METHOD_MATCH = YES;
				COPY_PHASE_STRIP = NO;
				DEBUG_INFORMATION_FORMAT = "dwarf-with-dsym";
				ENABLE_NS_ASSERTIONS = NO;
				ENABLE_STRICT_OBJC_MSGSEND = YES;
				ENABLE_USER_SCRIPT_SANDBOXING = YES;
				GCC_C_LANGUAGE_STANDARD = gnu17;
				GCC_NO_COMMON_BLOCKS = YES;
				GCC_WARN_64_TO_32_BIT_CONVERSION = YES;
				GCC_WARN_ABOUT_RETURN_TYPE = YES_ERROR;
				GCC_WARN_UNDECLARED_SELECTOR = YES;
				GCC_WARN_UNINITIALIZED_AUTOS = YES_AGGRESSIVE;
				GCC_WARN_UNUSED_FUNCTION = YES;
				GCC_WARN_UNUSED_VARIABLE = YES;
				IPHONEOS_DEPLOYMENT_TARGET = 17.0;
				LOCALIZATION_PREFERS_STRING_CATALOGS = YES;
				MTL_ENABLE_DEBUG_INFO = NO;
				MTL_FAST_MATH = YES;
				SDKROOT = iphoneos;
				SWIFT_COMPILATION_MODE = wholemodule;
				VALIDATE_PRODUCT = YES;
			};
			name = Release;
		};
		50AB5B3C2C91BD310056A82F /* Debug */ = {
			isa = XCBuildConfiguration;
			buildSettings = {
				ASSETCATALOG_COMPILER_APPICON_NAME = AppIcon;
				ASSETCATALOG_COMPILER_GLOBAL_ACCENT_COLOR_NAME = AccentColor;
				CODE_SIGN_STYLE = Automatic;
				CURRENT_PROJECT_VERSION = 1;
				DEVELOPMENT_ASSET_PATHS = "\"PhotosEditor/Preview Content\"";
				DEVELOPMENT_TEAM = MFZ792P5NV;
				ENABLE_PREVIEWS = YES;
				GENERATE_INFOPLIST_FILE = YES;
				INFOPLIST_KEY_UIApplicationSceneManifest_Generation = YES;
				INFOPLIST_KEY_UIApplicationSupportsIndirectInputEvents = YES;
				INFOPLIST_KEY_UILaunchScreen_Generation = YES;
				INFOPLIST_KEY_UISupportedInterfaceOrientations_iPad = "UIInterfaceOrientationPortrait UIInterfaceOrientationPortraitUpsideDown UIInterfaceOrientationLandscapeLeft UIInterfaceOrientationLandscapeRight";
				INFOPLIST_KEY_UISupportedInterfaceOrientations_iPhone = "UIInterfaceOrientationPortrait UIInterfaceOrientationLandscapeLeft UIInterfaceOrientationLandscapeRight";
				LD_RUNPATH_SEARCH_PATHS = (
					"$(inherited)",
					"@executable_path/Frameworks",
				);
				MARKETING_VERSION = 1.0;
				PRODUCT_BUNDLE_IDENTIFIER = "ru.z-liya.TestingApp.PhotosEditor";
				PRODUCT_NAME = "$(TARGET_NAME)";
				SWIFT_EMIT_LOC_STRINGS = YES;
				SWIFT_VERSION = 5.0;
				TARGETED_DEVICE_FAMILY = "1,2";
			};
			name = Debug;
		};
		50AB5B3D2C91BD310056A82F /* Release */ = {
			isa = XCBuildConfiguration;
			buildSettings = {
				ASSETCATALOG_COMPILER_APPICON_NAME = AppIcon;
				ASSETCATALOG_COMPILER_GLOBAL_ACCENT_COLOR_NAME = AccentColor;
				CODE_SIGN_STYLE = Automatic;
				CURRENT_PROJECT_VERSION = 1;
				DEVELOPMENT_ASSET_PATHS = "\"PhotosEditor/Preview Content\"";
				DEVELOPMENT_TEAM = MFZ792P5NV;
				ENABLE_PREVIEWS = YES;
				GENERATE_INFOPLIST_FILE = YES;
				INFOPLIST_KEY_UIApplicationSceneManifest_Generation = YES;
				INFOPLIST_KEY_UIApplicationSupportsIndirectInputEvents = YES;
				INFOPLIST_KEY_UILaunchScreen_Generation = YES;
				INFOPLIST_KEY_UISupportedInterfaceOrientations_iPad = "UIInterfaceOrientationPortrait UIInterfaceOrientationPortraitUpsideDown UIInterfaceOrientationLandscapeLeft UIInterfaceOrientationLandscapeRight";
				INFOPLIST_KEY_UISupportedInterfaceOrientations_iPhone = "UIInterfaceOrientationPortrait UIInterfaceOrientationLandscapeLeft UIInterfaceOrientationLandscapeRight";
				LD_RUNPATH_SEARCH_PATHS = (
					"$(inherited)",
					"@executable_path/Frameworks",
				);
				MARKETING_VERSION = 1.0;
				PRODUCT_BUNDLE_IDENTIFIER = "ru.z-liya.TestingApp.PhotosEditor";
				PRODUCT_NAME = "$(TARGET_NAME)";
				SWIFT_EMIT_LOC_STRINGS = YES;
				SWIFT_VERSION = 5.0;
				TARGETED_DEVICE_FAMILY = "1,2";
			};
			name = Release;
		};
/* End XCBuildConfiguration section */

/* Begin XCConfigurationList section */
		50AB5B282C91BD2F0056A82F /* Build configuration list for PBXProject "PhotosEditor" */ = {
			isa = XCConfigurationList;
			buildConfigurations = (
				50AB5B392C91BD310056A82F /* Debug */,
				50AB5B3A2C91BD310056A82F /* Release */,
			);
			defaultConfigurationIsVisible = 0;
			defaultConfigurationName = Release;
		};
		50AB5B3B2C91BD310056A82F /* Build configuration list for PBXNativeTarget "PhotosEditor" */ = {
			isa = XCConfigurationList;
			buildConfigurations = (
				50AB5B3C2C91BD310056A82F /* Debug */,
				50AB5B3D2C91BD310056A82F /* Release */,
			);
			defaultConfigurationIsVisible = 0;
			defaultConfigurationName = Release;
		};
/* End XCConfigurationList section */

/* Begin XCRemoteSwiftPackageReference section */
		50AB5B402C91CD490056A82F /* XCRemoteSwiftPackageReference "GoogleSignIn-iOS" */ = {
			isa = XCRemoteSwiftPackageReference;
			repositoryURL = "https://github.com/google/GoogleSignIn-iOS";
			requirement = {
				kind = upToNextMajorVersion;
				minimumVersion = 8.0.0;
			};
		};
		50AB5B4B2C92954E0056A82F /* XCRemoteSwiftPackageReference "firebase-ios-sdk" */ = {
			isa = XCRemoteSwiftPackageReference;
			repositoryURL = "https://github.com/firebase/firebase-ios-sdk.git";
			requirement = {
				kind = upToNextMajorVersion;
				minimumVersion = 11.2.0;
			};
		};
/* End XCRemoteSwiftPackageReference section */

/* Begin XCSwiftPackageProductDependency section */
		50AB5B412C91CD490056A82F /* GoogleSignIn */ = {
			isa = XCSwiftPackageProductDependency;
			package = 50AB5B402C91CD490056A82F /* XCRemoteSwiftPackageReference "GoogleSignIn-iOS" */;
			productName = GoogleSignIn;
		};
		50AB5B432C91CD490056A82F /* GoogleSignInSwift */ = {
			isa = XCSwiftPackageProductDependency;
			package = 50AB5B402C91CD490056A82F /* XCRemoteSwiftPackageReference "GoogleSignIn-iOS" */;
			productName = GoogleSignInSwift;
		};
		50AB5B4C2C92954E0056A82F /* FirebaseAnalytics */ = {
			isa = XCSwiftPackageProductDependency;
			package = 50AB5B4B2C92954E0056A82F /* XCRemoteSwiftPackageReference "firebase-ios-sdk" */;
			productName = FirebaseAnalytics;
		};
		50AB5B4E2C92954E0056A82F /* FirebaseAnalyticsOnDeviceConversion */ = {
			isa = XCSwiftPackageProductDependency;
			package = 50AB5B4B2C92954E0056A82F /* XCRemoteSwiftPackageReference "firebase-ios-sdk" */;
			productName = FirebaseAnalyticsOnDeviceConversion;
		};
		50AB5B502C92954E0056A82F /* FirebaseAnalyticsWithoutAdIdSupport */ = {
			isa = XCSwiftPackageProductDependency;
			package = 50AB5B4B2C92954E0056A82F /* XCRemoteSwiftPackageReference "firebase-ios-sdk" */;
			productName = FirebaseAnalyticsWithoutAdIdSupport;
		};
		50AB5B522C92954E0056A82F /* FirebaseAppCheck */ = {
			isa = XCSwiftPackageProductDependency;
			package = 50AB5B4B2C92954E0056A82F /* XCRemoteSwiftPackageReference "firebase-ios-sdk" */;
			productName = FirebaseAppCheck;
		};
		50AB5B542C92954E0056A82F /* FirebaseAppDistribution-Beta */ = {
			isa = XCSwiftPackageProductDependency;
			package = 50AB5B4B2C92954E0056A82F /* XCRemoteSwiftPackageReference "firebase-ios-sdk" */;
			productName = "FirebaseAppDistribution-Beta";
		};
		50AB5B562C92954E0056A82F /* FirebaseAuth */ = {
			isa = XCSwiftPackageProductDependency;
			package = 50AB5B4B2C92954E0056A82F /* XCRemoteSwiftPackageReference "firebase-ios-sdk" */;
			productName = FirebaseAuth;
		};
		50AB5B582C92954E0056A82F /* FirebaseAuthCombine-Community */ = {
			isa = XCSwiftPackageProductDependency;
			package = 50AB5B4B2C92954E0056A82F /* XCRemoteSwiftPackageReference "firebase-ios-sdk" */;
			productName = "FirebaseAuthCombine-Community";
		};
		50AB5B5A2C92954E0056A82F /* FirebaseCrashlytics */ = {
			isa = XCSwiftPackageProductDependency;
			package = 50AB5B4B2C92954E0056A82F /* XCRemoteSwiftPackageReference "firebase-ios-sdk" */;
			productName = FirebaseCrashlytics;
		};
		50AB5B5C2C92954E0056A82F /* FirebaseDatabase */ = {
			isa = XCSwiftPackageProductDependency;
			package = 50AB5B4B2C92954E0056A82F /* XCRemoteSwiftPackageReference "firebase-ios-sdk" */;
			productName = FirebaseDatabase;
		};
		50AB5B5E2C92954E0056A82F /* FirebaseDynamicLinks */ = {
			isa = XCSwiftPackageProductDependency;
			package = 50AB5B4B2C92954E0056A82F /* XCRemoteSwiftPackageReference "firebase-ios-sdk" */;
			productName = FirebaseDynamicLinks;
		};
		50AB5B602C92954E0056A82F /* FirebaseFirestore */ = {
			isa = XCSwiftPackageProductDependency;
			package = 50AB5B4B2C92954E0056A82F /* XCRemoteSwiftPackageReference "firebase-ios-sdk" */;
			productName = FirebaseFirestore;
		};
		50AB5B622C92954E0056A82F /* FirebaseFirestoreCombine-Community */ = {
			isa = XCSwiftPackageProductDependency;
			package = 50AB5B4B2C92954E0056A82F /* XCRemoteSwiftPackageReference "firebase-ios-sdk" */;
			productName = "FirebaseFirestoreCombine-Community";
		};
		50AB5B642C92954E0056A82F /* FirebaseFunctions */ = {
			isa = XCSwiftPackageProductDependency;
			package = 50AB5B4B2C92954E0056A82F /* XCRemoteSwiftPackageReference "firebase-ios-sdk" */;
			productName = FirebaseFunctions;
		};
		50AB5B662C92954E0056A82F /* FirebaseFunctionsCombine-Community */ = {
			isa = XCSwiftPackageProductDependency;
			package = 50AB5B4B2C92954E0056A82F /* XCRemoteSwiftPackageReference "firebase-ios-sdk" */;
			productName = "FirebaseFunctionsCombine-Community";
		};
		50AB5B682C92954E0056A82F /* FirebaseInAppMessaging-Beta */ = {
			isa = XCSwiftPackageProductDependency;
			package = 50AB5B4B2C92954E0056A82F /* XCRemoteSwiftPackageReference "firebase-ios-sdk" */;
			productName = "FirebaseInAppMessaging-Beta";
		};
		50AB5B6A2C92954E0056A82F /* FirebaseInstallations */ = {
			isa = XCSwiftPackageProductDependency;
			package = 50AB5B4B2C92954E0056A82F /* XCRemoteSwiftPackageReference "firebase-ios-sdk" */;
			productName = FirebaseInstallations;
		};
		50AB5B6C2C92954E0056A82F /* FirebaseMLModelDownloader */ = {
			isa = XCSwiftPackageProductDependency;
			package = 50AB5B4B2C92954E0056A82F /* XCRemoteSwiftPackageReference "firebase-ios-sdk" */;
			productName = FirebaseMLModelDownloader;
		};
		50AB5B6E2C92954E0056A82F /* FirebaseMessaging */ = {
			isa = XCSwiftPackageProductDependency;
			package = 50AB5B4B2C92954E0056A82F /* XCRemoteSwiftPackageReference "firebase-ios-sdk" */;
			productName = FirebaseMessaging;
		};
		50AB5B702C92954E0056A82F /* FirebasePerformance */ = {
			isa = XCSwiftPackageProductDependency;
			package = 50AB5B4B2C92954E0056A82F /* XCRemoteSwiftPackageReference "firebase-ios-sdk" */;
			productName = FirebasePerformance;
		};
		50AB5B722C92954E0056A82F /* FirebaseRemoteConfig */ = {
			isa = XCSwiftPackageProductDependency;
			package = 50AB5B4B2C92954E0056A82F /* XCRemoteSwiftPackageReference "firebase-ios-sdk" */;
			productName = FirebaseRemoteConfig;
		};
		50AB5B742C92954E0056A82F /* FirebaseStorage */ = {
			isa = XCSwiftPackageProductDependency;
			package = 50AB5B4B2C92954E0056A82F /* XCRemoteSwiftPackageReference "firebase-ios-sdk" */;
			productName = FirebaseStorage;
		};
		50AB5B762C92954E0056A82F /* FirebaseStorageCombine-Community */ = {
			isa = XCSwiftPackageProductDependency;
			package = 50AB5B4B2C92954E0056A82F /* XCRemoteSwiftPackageReference "firebase-ios-sdk" */;
			productName = "FirebaseStorageCombine-Community";
		};
		50AB5B782C92954E0056A82F /* FirebaseVertexAI-Preview */ = {
			isa = XCSwiftPackageProductDependency;
			package = 50AB5B4B2C92954E0056A82F /* XCRemoteSwiftPackageReference "firebase-ios-sdk" */;
			productName = "FirebaseVertexAI-Preview";
		};
/* End XCSwiftPackageProductDependency section */
	};
	rootObject = 50AB5B252C91BD2F0056A82F /* Project object */;
}
